
Microsoft Visual Studio Solution File, Format Version 12.00
# Visual Studio 15
VisualStudioVersion = 15.0.33026.149
MinimumVisualStudioVersion = 10.0.40219.1
Project("{FAE04EC0-301F-11D3-BF4B-00C04F79EFBC}") = "Logica", "Logica\Logica.csproj", "{768AA0D2-0480-461C-A2E6-C099AF822FC7}"
EndProject
Project("{FAE04EC0-301F-11D3-BF4B-00C04F79EFBC}") = "Aerolinea", "Aerolinea\Aerolinea.csproj", "{FC07FCBA-DC63-4632-8165-B2F97AFAA0BF}"
EndProject
Global
	GlobalSection(SolutionConfigurationPlatforms) = preSolution
		Debug|Any CPU = Debug|Any CPU
		Release|Any CPU = Release|Any CPU
	EndGlobalSection
	GlobalSection(ProjectConfigurationPlatforms) = postSolution
		{768AA0D2-0480-461C-A2E6-C099AF822FC7}.Debug|Any CPU.ActiveCfg = Debug|Any CPU
		{768AA0D2-0480-461C-A2E6-C099AF822FC7}.Debug|Any CPU.Build.0 = Debug|Any CPU
		{768AA0D2-0480-461C-A2E6-C099AF822FC7}.Release|Any CPU.ActiveCfg = Release|Any CPU
		{768AA0D2-0480-461C-A2E6-C099AF822FC7}.Release|Any CPU.Build.0 = Release|Any CPU
		{FC07FCBA-DC63-4632-8165-B2F97AFAA0BF}.Debug|Any CPU.ActiveCfg = Debug|Any CPU
		{FC07FCBA-DC63-4632-8165-B2F97AFAA0BF}.Debug|Any CPU.Build.0 = Debug|Any CPU
		{FC07FCBA-DC63-4632-8165-B2F97AFAA0BF}.Release|Any CPU.ActiveCfg = Release|Any CPU
		{FC07FCBA-DC63-4632-8165-B2F97AFAA0BF}.Release|Any CPU.Build.0 = Release|Any CPU
	EndGlobalSection
	GlobalSection(SolutionProperties) = preSolution
		HideSolutionNode = FALSE
	EndGlobalSection
	GlobalSection(ExtensibilityGlobals) = postSolution
		SolutionGuid = {5F8018B9-BEEA-4138-AC94-B589E0EDB7D7}
	EndGlobalSection
EndGlobal
