
Microsoft Visual Studio Solution File, Format Version 12.00
# Visual Studio 15
VisualStudioVersion = 15.0.33026.149
MinimumVisualStudioVersion = 10.0.40219.1
Project("{FAE04EC0-301F-11D3-BF4B-00C04F79EFBC}") = "estructuraDatos", "estructuraDatos\estructuraDatos.csproj", "{B771A3C9-2BDF-4DFC-BC01-501C8193CFBD}"
EndProject
Global
	GlobalSection(SolutionConfigurationPlatforms) = preSolution
		Debug|Any CPU = Debug|Any CPU
		Release|Any CPU = Release|Any CPU
	EndGlobalSection
	GlobalSection(ProjectConfigurationPlatforms) = postSolution
		{B771A3C9-2BDF-4DFC-BC01-501C8193CFBD}.Debug|Any CPU.ActiveCfg = Debug|Any CPU
		{B771A3C9-2BDF-4DFC-BC01-501C8193CFBD}.Debug|Any CPU.Build.0 = Debug|Any CPU
		{B771A3C9-2BDF-4DFC-BC01-501C8193CFBD}.Release|Any CPU.ActiveCfg = Release|Any CPU
		{B771A3C9-2BDF-4DFC-BC01-501C8193CFBD}.Release|Any CPU.Build.0 = Release|Any CPU
	EndGlobalSection
	GlobalSection(SolutionProperties) = preSolution
		HideSolutionNode = FALSE
	EndGlobalSection
	GlobalSection(ExtensibilityGlobals) = postSolution
		SolutionGuid = {388AFC33-CF8F-4C7B-827A-1F33EA30E31E}
	EndGlobalSection
EndGlobal
