
Microsoft Visual Studio Solution File, Format Version 12.00
# Visual Studio 15
VisualStudioVersion = 15.0.33403.129
MinimumVisualStudioVersion = 10.0.40219.1
Project("{FAE04EC0-301F-11D3-BF4B-00C04F79EFBC}") = "Presentacion", "Presentacion\Presentacion.csproj", "{22FB0739-0439-47B2-A6B2-167659F5EC25}"
EndProject
Project("{FAE04EC0-301F-11D3-BF4B-00C04F79EFBC}") = "Logica", "Logica\Logica.csproj", "{5A06A09F-3946-41DE-86F0-8FF9BAAB0E34}"
EndProject
Project("{FAE04EC0-301F-11D3-BF4B-00C04F79EFBC}") = "PresentacionWPF", "PresentacionWPF\PresentacionWPF.csproj", "{7A5795A1-06A7-4A01-A688-BB940AAADFC8}"
EndProject
Global
	GlobalSection(SolutionConfigurationPlatforms) = preSolution
		Debug|Any CPU = Debug|Any CPU
		Release|Any CPU = Release|Any CPU
	EndGlobalSection
	GlobalSection(ProjectConfigurationPlatforms) = postSolution
		{22FB0739-0439-47B2-A6B2-167659F5EC25}.Debug|Any CPU.ActiveCfg = Debug|Any CPU
		{22FB0739-0439-47B2-A6B2-167659F5EC25}.Debug|Any CPU.Build.0 = Debug|Any CPU
		{22FB0739-0439-47B2-A6B2-167659F5EC25}.Release|Any CPU.ActiveCfg = Release|Any CPU
		{22FB0739-0439-47B2-A6B2-167659F5EC25}.Release|Any CPU.Build.0 = Release|Any CPU
		{5A06A09F-3946-41DE-86F0-8FF9BAAB0E34}.Debug|Any CPU.ActiveCfg = Debug|Any CPU
		{5A06A09F-3946-41DE-86F0-8FF9BAAB0E34}.Debug|Any CPU.Build.0 = Debug|Any CPU
		{5A06A09F-3946-41DE-86F0-8FF9BAAB0E34}.Release|Any CPU.ActiveCfg = Release|Any CPU
		{5A06A09F-3946-41DE-86F0-8FF9BAAB0E34}.Release|Any CPU.Build.0 = Release|Any CPU
		{7A5795A1-06A7-4A01-A688-BB940AAADFC8}.Debug|Any CPU.ActiveCfg = Debug|Any CPU
		{7A5795A1-06A7-4A01-A688-BB940AAADFC8}.Debug|Any CPU.Build.0 = Debug|Any CPU
		{7A5795A1-06A7-4A01-A688-BB940AAADFC8}.Release|Any CPU.ActiveCfg = Release|Any CPU
		{7A5795A1-06A7-4A01-A688-BB940AAADFC8}.Release|Any CPU.Build.0 = Release|Any CPU
	EndGlobalSection
	GlobalSection(SolutionProperties) = preSolution
		HideSolutionNode = FALSE
	EndGlobalSection
	GlobalSection(ExtensibilityGlobals) = postSolution
		SolutionGuid = {2A66D93C-A1AB-4712-9FEB-C5B474E2160C}
	EndGlobalSection
EndGlobal
